// !$*UTF8*$!
{
	archiveVersion = 1;
	classes = {
	};
	objectVersion = 50;
	objects = {

/* Begin PBXBuildFile section */
		A126A75D21D1FAD300C0FA54 /* MapViewController+MKMapViewDelegate.swift in Sources */ = {isa = PBXBuildFile; fileRef = A126A75C21D1FAD300C0FA54 /* MapViewController+MKMapViewDelegate.swift */; };
		A126A75F21D1FB1C00C0FA54 /* PinAnnotation.swift in Sources */ = {isa = PBXBuildFile; fileRef = A126A75E21D1FB1C00C0FA54 /* PinAnnotation.swift */; };
		A15E90FF21D142E80005CAF3 /* AppDelegate.swift in Sources */ = {isa = PBXBuildFile; fileRef = A15E90FE21D142E80005CAF3 /* AppDelegate.swift */; };
		A15E910121D142E80005CAF3 /* LoginViewController.swift in Sources */ = {isa = PBXBuildFile; fileRef = A15E910021D142E80005CAF3 /* LoginViewController.swift */; };
		A15E910421D142E80005CAF3 /* Main.storyboard in Resources */ = {isa = PBXBuildFile; fileRef = A15E910221D142E80005CAF3 /* Main.storyboard */; };
		A15E910621D142EB0005CAF3 /* Assets.xcassets in Resources */ = {isa = PBXBuildFile; fileRef = A15E910521D142EB0005CAF3 /* Assets.xcassets */; };
		A15E910921D142EB0005CAF3 /* LaunchScreen.storyboard in Resources */ = {isa = PBXBuildFile; fileRef = A15E910721D142EB0005CAF3 /* LaunchScreen.storyboard */; };
		A15E911121D145470005CAF3 /* MapViewController.swift in Sources */ = {isa = PBXBuildFile; fileRef = A15E911021D145470005CAF3 /* MapViewController.swift */; };
		A15E911721D146260005CAF3 /* TableViewController.swift in Sources */ = {isa = PBXBuildFile; fileRef = A15E911621D146260005CAF3 /* TableViewController.swift */; };
		A15E911921D1466A0005CAF3 /* AddLocationViewController.swift in Sources */ = {isa = PBXBuildFile; fileRef = A15E911821D1466A0005CAF3 /* AddLocationViewController.swift */; };
		A15E911B21D148FB0005CAF3 /* ConfirmLocationViewController.swift in Sources */ = {isa = PBXBuildFile; fileRef = A15E911A21D148FB0005CAF3 /* ConfirmLocationViewController.swift */; };
		A15E911E21D154410005CAF3 /* TableViewController+UITableViewDelegate.swift in Sources */ = {isa = PBXBuildFile; fileRef = A15E911D21D154410005CAF3 /* TableViewController+UITableViewDelegate.swift */; };
		A15E912021D154AF0005CAF3 /* TableViewCell.swift in Sources */ = {isa = PBXBuildFile; fileRef = A15E911F21D154AF0005CAF3 /* TableViewCell.swift */; };
		A15E912221D186D60005CAF3 /* StudentLocation.swift in Sources */ = {isa = PBXBuildFile; fileRef = A15E912121D186D60005CAF3 /* StudentLocation.swift */; };
		A15E912521D187EF0005CAF3 /* OnTheMap.swift in Sources */ = {isa = PBXBuildFile; fileRef = A15E912421D187EF0005CAF3 /* OnTheMap.swift */; };
		A15E912721D18E300005CAF3 /* StudentLocations.swift in Sources */ = {isa = PBXBuildFile; fileRef = A15E912621D18E300005CAF3 /* StudentLocations.swift */; };
/* End PBXBuildFile section */

/* Begin PBXFileReference section */
		A126A75C21D1FAD300C0FA54 /* MapViewController+MKMapViewDelegate.swift */ = {isa = PBXFileReference; lastKnownFileType = sourcecode.swift; path = "MapViewController+MKMapViewDelegate.swift"; sourceTree = "<group>"; };
		A126A75E21D1FB1C00C0FA54 /* PinAnnotation.swift */ = {isa = PBXFileReference; lastKnownFileType = sourcecode.swift; path = PinAnnotation.swift; sourceTree = "<group>"; };
		A15E90FB21D142E80005CAF3 /* ios-nanodegree-onthemap.app */ = {isa = PBXFileReference; explicitFileType = wrapper.application; includeInIndex = 0; path = "ios-nanodegree-onthemap.app"; sourceTree = BUILT_PRODUCTS_DIR; };
		A15E90FE21D142E80005CAF3 /* AppDelegate.swift */ = {isa = PBXFileReference; lastKnownFileType = sourcecode.swift; path = AppDelegate.swift; sourceTree = "<group>"; };
		A15E910021D142E80005CAF3 /* LoginViewController.swift */ = {isa = PBXFileReference; lastKnownFileType = sourcecode.swift; path = LoginViewController.swift; sourceTree = "<group>"; };
		A15E910321D142E80005CAF3 /* Base */ = {isa = PBXFileReference; lastKnownFileType = file.storyboard; name = Base; path = Base.lproj/Main.storyboard; sourceTree = "<group>"; };
		A15E910521D142EB0005CAF3 /* Assets.xcassets */ = {isa = PBXFileReference; lastKnownFileType = folder.assetcatalog; path = Assets.xcassets; sourceTree = "<group>"; };
		A15E910821D142EB0005CAF3 /* Base */ = {isa = PBXFileReference; lastKnownFileType = file.storyboard; name = Base; path = Base.lproj/LaunchScreen.storyboard; sourceTree = "<group>"; };
		A15E910A21D142EB0005CAF3 /* Info.plist */ = {isa = PBXFileReference; lastKnownFileType = text.plist.xml; path = Info.plist; sourceTree = "<group>"; };
		A15E911021D145470005CAF3 /* MapViewController.swift */ = {isa = PBXFileReference; lastKnownFileType = sourcecode.swift; path = MapViewController.swift; sourceTree = "<group>"; };
		A15E911621D146260005CAF3 /* TableViewController.swift */ = {isa = PBXFileReference; lastKnownFileType = sourcecode.swift; path = TableViewController.swift; sourceTree = "<group>"; };
		A15E911821D1466A0005CAF3 /* AddLocationViewController.swift */ = {isa = PBXFileReference; lastKnownFileType = sourcecode.swift; path = AddLocationViewController.swift; sourceTree = "<group>"; };
		A15E911A21D148FB0005CAF3 /* ConfirmLocationViewController.swift */ = {isa = PBXFileReference; lastKnownFileType = sourcecode.swift; path = ConfirmLocationViewController.swift; sourceTree = "<group>"; };
		A15E911D21D154410005CAF3 /* TableViewController+UITableViewDelegate.swift */ = {isa = PBXFileReference; lastKnownFileType = sourcecode.swift; path = "TableViewController+UITableViewDelegate.swift"; sourceTree = "<group>"; };
		A15E911F21D154AF0005CAF3 /* TableViewCell.swift */ = {isa = PBXFileReference; lastKnownFileType = sourcecode.swift; path = TableViewCell.swift; sourceTree = "<group>"; };
		A15E912121D186D60005CAF3 /* StudentLocation.swift */ = {isa = PBXFileReference; lastKnownFileType = sourcecode.swift; path = StudentLocation.swift; sourceTree = "<group>"; };
		A15E912421D187EF0005CAF3 /* OnTheMap.swift */ = {isa = PBXFileReference; lastKnownFileType = sourcecode.swift; path = OnTheMap.swift; sourceTree = "<group>"; };
		A15E912621D18E300005CAF3 /* StudentLocations.swift */ = {isa = PBXFileReference; lastKnownFileType = sourcecode.swift; path = StudentLocations.swift; sourceTree = "<group>"; };
/* End PBXFileReference section */

/* Begin PBXFrameworksBuildPhase section */
		A15E90F821D142E80005CAF3 /* Frameworks */ = {
			isa = PBXFrameworksBuildPhase;
			buildActionMask = 2147483647;
			files = (
			);
			runOnlyForDeploymentPostprocessing = 0;
		};
/* End PBXFrameworksBuildPhase section */

/* Begin PBXGroup section */
		A126A75B21D1FAA000C0FA54 /* MapViewController */ = {
			isa = PBXGroup;
			children = (
				A15E911021D145470005CAF3 /* MapViewController.swift */,
				A126A75C21D1FAD300C0FA54 /* MapViewController+MKMapViewDelegate.swift */,
				A126A75E21D1FB1C00C0FA54 /* PinAnnotation.swift */,
			);
			path = MapViewController;
			sourceTree = "<group>";
		};
		A15E90F221D142E80005CAF3 = {
			isa = PBXGroup;
			children = (
				A15E90FD21D142E80005CAF3 /* ios-nanodegree-onthemap */,
				A15E90FC21D142E80005CAF3 /* Products */,
			);
			sourceTree = "<group>";
		};
		A15E90FC21D142E80005CAF3 /* Products */ = {
			isa = PBXGroup;
			children = (
				A15E90FB21D142E80005CAF3 /* ios-nanodegree-onthemap.app */,
			);
			name = Products;
			sourceTree = "<group>";
		};
		A15E90FD21D142E80005CAF3 /* ios-nanodegree-onthemap */ = {
			isa = PBXGroup;
			children = (
				A15E912321D187CC0005CAF3 /* OnTheMapAPI */,
				A15E911221D145580005CAF3 /* View Controllers */,
				A15E911321D145850005CAF3 /* Storyboards */,
				A15E90FE21D142E80005CAF3 /* AppDelegate.swift */,
				A15E910521D142EB0005CAF3 /* Assets.xcassets */,
				A15E910A21D142EB0005CAF3 /* Info.plist */,
			);
			path = "ios-nanodegree-onthemap";
			sourceTree = "<group>";
		};
		A15E911221D145580005CAF3 /* View Controllers */ = {
			isa = PBXGroup;
			children = (
				A15E911821D1466A0005CAF3 /* AddLocationViewController.swift */,
				A15E911A21D148FB0005CAF3 /* ConfirmLocationViewController.swift */,
				A15E910021D142E80005CAF3 /* LoginViewController.swift */,
				A126A75B21D1FAA000C0FA54 /* MapViewController */,
				A15E911C21D153E20005CAF3 /* TableViewController */,
			);
			path = "View Controllers";
			sourceTree = "<group>";
		};
		A15E911321D145850005CAF3 /* Storyboards */ = {
			isa = PBXGroup;
			children = (
				A15E910221D142E80005CAF3 /* Main.storyboard */,
				A15E910721D142EB0005CAF3 /* LaunchScreen.storyboard */,
			);
			path = Storyboards;
			sourceTree = "<group>";
		};
		A15E911C21D153E20005CAF3 /* TableViewController */ = {
			isa = PBXGroup;
			children = (
				A15E911F21D154AF0005CAF3 /* TableViewCell.swift */,
				A15E911621D146260005CAF3 /* TableViewController.swift */,
				A15E911D21D154410005CAF3 /* TableViewController+UITableViewDelegate.swift */,
			);
			path = TableViewController;
			sourceTree = "<group>";
		};
		A15E912321D187CC0005CAF3 /* OnTheMapAPI */ = {
			isa = PBXGroup;
			children = (
				A15E912421D187EF0005CAF3 /* OnTheMap.swift */,
				A15E912121D186D60005CAF3 /* StudentLocation.swift */,
				A15E912621D18E300005CAF3 /* StudentLocations.swift */,
			);
			path = OnTheMapAPI;
			sourceTree = "<group>";
		};
/* End PBXGroup section */

/* Begin PBXNativeTarget section */
		A15E90FA21D142E80005CAF3 /* ios-nanodegree-onthemap */ = {
			isa = PBXNativeTarget;
			buildConfigurationList = A15E910D21D142EB0005CAF3 /* Build configuration list for PBXNativeTarget "ios-nanodegree-onthemap" */;
			buildPhases = (
				A15E90F721D142E80005CAF3 /* Sources */,
				A15E90F821D142E80005CAF3 /* Frameworks */,
				A15E90F921D142E80005CAF3 /* Resources */,
			);
			buildRules = (
			);
			dependencies = (
			);
			name = "ios-nanodegree-onthemap";
			productName = "ios-nanodegree-onthemap";
			productReference = A15E90FB21D142E80005CAF3 /* ios-nanodegree-onthemap.app */;
			productType = "com.apple.product-type.application";
		};
/* End PBXNativeTarget section */

/* Begin PBXProject section */
		A15E90F321D142E80005CAF3 /* Project object */ = {
			isa = PBXProject;
			attributes = {
				LastSwiftUpdateCheck = 1010;
				LastUpgradeCheck = 1010;
				ORGANIZATIONNAME = "Andrew Despres";
				TargetAttributes = {
					A15E90FA21D142E80005CAF3 = {
						CreatedOnToolsVersion = 10.1;
					};
				};
			};
			buildConfigurationList = A15E90F621D142E80005CAF3 /* Build configuration list for PBXProject "ios-nanodegree-onthemap" */;
			compatibilityVersion = "Xcode 9.3";
			developmentRegion = en;
			hasScannedForEncodings = 0;
			knownRegions = (
				en,
				Base,
			);
			mainGroup = A15E90F221D142E80005CAF3;
			productRefGroup = A15E90FC21D142E80005CAF3 /* Products */;
			projectDirPath = "";
			projectRoot = "";
			targets = (
				A15E90FA21D142E80005CAF3 /* ios-nanodegree-onthemap */,
			);
		};
/* End PBXProject section */

/* Begin PBXResourcesBuildPhase section */
		A15E90F921D142E80005CAF3 /* Resources */ = {
			isa = PBXResourcesBuildPhase;
			buildActionMask = 2147483647;
			files = (
				A15E910921D142EB0005CAF3 /* LaunchScreen.storyboard in Resources */,
				A15E910621D142EB0005CAF3 /* Assets.xcassets in Resources */,
				A15E910421D142E80005CAF3 /* Main.storyboard in Resources */,
			);
			runOnlyForDeploymentPostprocessing = 0;
		};
/* End PBXResourcesBuildPhase section */

/* Begin PBXSourcesBuildPhase section */
		A15E90F721D142E80005CAF3 /* Sources */ = {
			isa = PBXSourcesBuildPhase;
			buildActionMask = 2147483647;
			files = (
				A15E912221D186D60005CAF3 /* StudentLocation.swift in Sources */,
				A15E911121D145470005CAF3 /* MapViewController.swift in Sources */,
				A15E912021D154AF0005CAF3 /* TableViewCell.swift in Sources */,
				A15E912521D187EF0005CAF3 /* OnTheMap.swift in Sources */,
				A126A75D21D1FAD300C0FA54 /* MapViewController+MKMapViewDelegate.swift in Sources */,
				A126A75F21D1FB1C00C0FA54 /* PinAnnotation.swift in Sources */,
				A15E912721D18E300005CAF3 /* StudentLocations.swift in Sources */,
				A15E910121D142E80005CAF3 /* LoginViewController.swift in Sources */,
				A15E911B21D148FB0005CAF3 /* ConfirmLocationViewController.swift in Sources */,
				A15E911921D1466A0005CAF3 /* AddLocationViewController.swift in Sources */,
				A15E90FF21D142E80005CAF3 /* AppDelegate.swift in Sources */,
				A15E911E21D154410005CAF3 /* TableViewController+UITableViewDelegate.swift in Sources */,
				A15E911721D146260005CAF3 /* TableViewController.swift in Sources */,
			);
			runOnlyForDeploymentPostprocessing = 0;
		};
/* End PBXSourcesBuildPhase section */

/* Begin PBXVariantGroup section */
		A15E910221D142E80005CAF3 /* Main.storyboard */ = {
			isa = PBXVariantGroup;
			children = (
				A15E910321D142E80005CAF3 /* Base */,
			);
			name = Main.storyboard;
			sourceTree = "<group>";
		};
		A15E910721D142EB0005CAF3 /* LaunchScreen.storyboard */ = {
			isa = PBXVariantGroup;
			children = (
				A15E910821D142EB0005CAF3 /* Base */,
			);
			name = LaunchScreen.storyboard;
			sourceTree = "<group>";
		};
/* End PBXVariantGroup section */

/* Begin XCBuildConfiguration section */
		A15E910B21D142EB0005CAF3 /* Debug */ = {
			isa = XCBuildConfiguration;
			buildSettings = {
				ALWAYS_SEARCH_USER_PATHS = NO;
				CLANG_ANALYZER_NONNULL = YES;
				CLANG_ANALYZER_NUMBER_OBJECT_CONVERSION = YES_AGGRESSIVE;
				CLANG_CXX_LANGUAGE_STANDARD = "gnu++14";
				CLANG_CXX_LIBRARY = "libc++";
				CLANG_ENABLE_MODULES = YES;
				CLANG_ENABLE_OBJC_ARC = YES;
				CLANG_ENABLE_OBJC_WEAK = YES;
				CLANG_WARN_BLOCK_CAPTURE_AUTORELEASING = YES;
				CLANG_WARN_BOOL_CONVERSION = YES;
				CLANG_WARN_COMMA = YES;
				CLANG_WARN_CONSTANT_CONVERSION = YES;
				CLANG_WARN_DEPRECATED_OBJC_IMPLEMENTATIONS = YES;
				CLANG_WARN_DIRECT_OBJC_ISA_USAGE = YES_ERROR;
				CLANG_WARN_DOCUMENTATION_COMMENTS = YES;
				CLANG_WARN_EMPTY_BODY = YES;
				CLANG_WARN_ENUM_CONVERSION = YES;
				CLANG_WARN_INFINITE_RECURSION = YES;
				CLANG_WARN_INT_CONVERSION = YES;
				CLANG_WARN_NON_LITERAL_NULL_CONVERSION = YES;
				CLANG_WARN_OBJC_IMPLICIT_RETAIN_SELF = YES;
				CLANG_WARN_OBJC_LITERAL_CONVERSION = YES;
				CLANG_WARN_OBJC_ROOT_CLASS = YES_ERROR;
				CLANG_WARN_RANGE_LOOP_ANALYSIS = YES;
				CLANG_WARN_STRICT_PROTOTYPES = YES;
				CLANG_WARN_SUSPICIOUS_MOVE = YES;
				CLANG_WARN_UNGUARDED_AVAILABILITY = YES_AGGRESSIVE;
				CLANG_WARN_UNREACHABLE_CODE = YES;
				CLANG_WARN__DUPLICATE_METHOD_MATCH = YES;
				CODE_SIGN_IDENTITY = "iPhone Developer";
				COPY_PHASE_STRIP = NO;
				DEBUG_INFORMATION_FORMAT = dwarf;
				ENABLE_STRICT_OBJC_MSGSEND = YES;
				ENABLE_TESTABILITY = YES;
				GCC_C_LANGUAGE_STANDARD = gnu11;
				GCC_DYNAMIC_NO_PIC = NO;
				GCC_NO_COMMON_BLOCKS = YES;
				GCC_OPTIMIZATION_LEVEL = 0;
				GCC_PREPROCESSOR_DEFINITIONS = (
					"DEBUG=1",
					"$(inherited)",
				);
				GCC_WARN_64_TO_32_BIT_CONVERSION = YES;
				GCC_WARN_ABOUT_RETURN_TYPE = YES_ERROR;
				GCC_WARN_UNDECLARED_SELECTOR = YES;
				GCC_WARN_UNINITIALIZED_AUTOS = YES_AGGRESSIVE;
				GCC_WARN_UNUSED_FUNCTION = YES;
				GCC_WARN_UNUSED_VARIABLE = YES;
				IPHONEOS_DEPLOYMENT_TARGET = 12.1;
				MTL_ENABLE_DEBUG_INFO = INCLUDE_SOURCE;
				MTL_FAST_MATH = YES;
				ONLY_ACTIVE_ARCH = YES;
				SDKROOT = iphoneos;
				SWIFT_ACTIVE_COMPILATION_CONDITIONS = DEBUG;
				SWIFT_OPTIMIZATION_LEVEL = "-Onone";
			};
			name = Debug;
		};
		A15E910C21D142EB0005CAF3 /* Release */ = {
			isa = XCBuildConfiguration;
			buildSettings = {
				ALWAYS_SEARCH_USER_PATHS = NO;
				CLANG_ANALYZER_NONNULL = YES;
				CLANG_ANALYZER_NUMBER_OBJECT_CONVERSION = YES_AGGRESSIVE;
				CLANG_CXX_LANGUAGE_STANDARD = "gnu++14";
				CLANG_CXX_LIBRARY = "libc++";
				CLANG_ENABLE_MODULES = YES;
				CLANG_ENABLE_OBJC_ARC = YES;
				CLANG_ENABLE_OBJC_WEAK = YES;
				CLANG_WARN_BLOCK_CAPTURE_AUTORELEASING = YES;
				CLANG_WARN_BOOL_CONVERSION = YES;
				CLANG_WARN_COMMA = YES;
				CLANG_WARN_CONSTANT_CONVERSION = YES;
				CLANG_WARN_DEPRECATED_OBJC_IMPLEMENTATIONS = YES;
				CLANG_WARN_DIRECT_OBJC_ISA_USAGE = YES_ERROR;
				CLANG_WARN_DOCUMENTATION_COMMENTS = YES;
				CLANG_WARN_EMPTY_BODY = YES;
				CLANG_WARN_ENUM_CONVERSION = YES;
				CLANG_WARN_INFINITE_RECURSION = YES;
				CLANG_WARN_INT_CONVERSION = YES;
				CLANG_WARN_NON_LITERAL_NULL_CONVERSION = YES;
				CLANG_WARN_OBJC_IMPLICIT_RETAIN_SELF = YES;
				CLANG_WARN_OBJC_LITERAL_CONVERSION = YES;
				CLANG_WARN_OBJC_ROOT_CLASS = YES_ERROR;
				CLANG_WARN_RANGE_LOOP_ANALYSIS = YES;
				CLANG_WARN_STRICT_PROTOTYPES = YES;
				CLANG_WARN_SUSPICIOUS_MOVE = YES;
				CLANG_WARN_UNGUARDED_AVAILABILITY = YES_AGGRESSIVE;
				CLANG_WARN_UNREACHABLE_CODE = YES;
				CLANG_WARN__DUPLICATE_METHOD_MATCH = YES;
				CODE_SIGN_IDENTITY = "iPhone Developer";
				COPY_PHASE_STRIP = NO;
				DEBUG_INFORMATION_FORMAT = "dwarf-with-dsym";
				ENABLE_NS_ASSERTIONS = NO;
				ENABLE_STRICT_OBJC_MSGSEND = YES;
				GCC_C_LANGUAGE_STANDARD = gnu11;
				GCC_NO_COMMON_BLOCKS = YES;
				GCC_WARN_64_TO_32_BIT_CONVERSION = YES;
				GCC_WARN_ABOUT_RETURN_TYPE = YES_ERROR;
				GCC_WARN_UNDECLARED_SELECTOR = YES;
				GCC_WARN_UNINITIALIZED_AUTOS = YES_AGGRESSIVE;
				GCC_WARN_UNUSED_FUNCTION = YES;
				GCC_WARN_UNUSED_VARIABLE = YES;
				IPHONEOS_DEPLOYMENT_TARGET = 12.1;
				MTL_ENABLE_DEBUG_INFO = NO;
				MTL_FAST_MATH = YES;
				SDKROOT = iphoneos;
				SWIFT_COMPILATION_MODE = wholemodule;
				SWIFT_OPTIMIZATION_LEVEL = "-O";
				VALIDATE_PRODUCT = YES;
			};
			name = Release;
		};
		A15E910E21D142EB0005CAF3 /* Debug */ = {
			isa = XCBuildConfiguration;
			buildSettings = {
				ASSETCATALOG_COMPILER_APPICON_NAME = AppIcon;
				CODE_SIGN_STYLE = Automatic;
				DEVELOPMENT_TEAM = N843H27YLP;
				INFOPLIST_FILE = "ios-nanodegree-onthemap/Info.plist";
				LD_RUNPATH_SEARCH_PATHS = (
					"$(inherited)",
					"@executable_path/Frameworks",
				);
				PRODUCT_BUNDLE_IDENTIFIER = "com.andrewdespres.ios-nanodegree-onthemap";
				PRODUCT_NAME = "$(TARGET_NAME)";
				SWIFT_VERSION = 4.2;
				TARGETED_DEVICE_FAMILY = "1,2";
			};
			name = Debug;
		};
		A15E910F21D142EB0005CAF3 /* Release */ = {
			isa = XCBuildConfiguration;
			buildSettings = {
				ASSETCATALOG_COMPILER_APPICON_NAME = AppIcon;
				CODE_SIGN_STYLE = Automatic;
				DEVELOPMENT_TEAM = N843H27YLP;
				INFOPLIST_FILE = "ios-nanodegree-onthemap/Info.plist";
				LD_RUNPATH_SEARCH_PATHS = (
					"$(inherited)",
					"@executable_path/Frameworks",
				);
				PRODUCT_BUNDLE_IDENTIFIER = "com.andrewdespres.ios-nanodegree-onthemap";
				PRODUCT_NAME = "$(TARGET_NAME)";
				SWIFT_VERSION = 4.2;
				TARGETED_DEVICE_FAMILY = "1,2";
			};
			name = Release;
		};
/* End XCBuildConfiguration section */

/* Begin XCConfigurationList section */
		A15E90F621D142E80005CAF3 /* Build configuration list for PBXProject "ios-nanodegree-onthemap" */ = {
			isa = XCConfigurationList;
			buildConfigurations = (
				A15E910B21D142EB0005CAF3 /* Debug */,
				A15E910C21D142EB0005CAF3 /* Release */,
			);
			defaultConfigurationIsVisible = 0;
			defaultConfigurationName = Release;
		};
		A15E910D21D142EB0005CAF3 /* Build configuration list for PBXNativeTarget "ios-nanodegree-onthemap" */ = {
			isa = XCConfigurationList;
			buildConfigurations = (
				A15E910E21D142EB0005CAF3 /* Debug */,
				A15E910F21D142EB0005CAF3 /* Release */,
			);
			defaultConfigurationIsVisible = 0;
			defaultConfigurationName = Release;
		};
/* End XCConfigurationList section */
	};
	rootObject = A15E90F321D142E80005CAF3 /* Project object */;
}
